<?xml version="1.0" encoding="utf-8"?>
<Project ToolsVersion="4.0" xmlns="http://schemas.microsoft.com/developer/msbuild/2003">
  <ItemGroup>
    <Filter Include="Source Files">
      <UniqueIdentifier>{4FC737F1-C7A5-4376-A066-2A32D752A2FF}</UniqueIdentifier>
      <Extensions>cpp;c;cc;cxx;def;odl;idl;hpj;bat;asm;asmx</Extensions>
    </Filter>
    <Filter Include="Header Files">
      <UniqueIdentifier>{93995380-89BD-4b04-88EB-625FBE52EBFB}</UniqueIdentifier>
      <Extensions>h;hh;hpp;hxx;hm;inl;inc;ipp;xsd</Extensions>
    </Filter>
    <Filter Include="Resource Files">
      <UniqueIdentifier>{67DA6AB6-F800-4c08-8B7A-83BB121AAD01}</UniqueIdentifier>
      <Extensions>rc;ico;cur;bmp;dlg;rc2;rct;bin;rgs;gif;jpg;jpeg;jpe;resx;tiff;tif;png;wav;mfcribbon-ms</Extensions>
    </Filter>
    <Filter Include="Header Files\core">
      <UniqueIdentifier>{8946abaf-8cdf-4366-9904-040ea445735f}</UniqueIdentifier>
    </Filter>
    <Filter Include="Source Files\core_cpp">
      <UniqueIdentifier>{c1bad251-82c0-4731-ae3c-e394655689bd}</UniqueIdentifier>
    </Filter>
    <Filter Include="Header Files\ALGLIB">
      <UniqueIdentifier>{7491abad-f561-491a-a34f-b487f2465459}</UniqueIdentifier>
    </Filter>
    <Filter Include="Source Files\ALGLIB">
      <UniqueIdentifier>{81315440-91e4-44ca-a920-46d4b1848b6c}</UniqueIdentifier>
    </Filter>
  </ItemGroup>
  <ItemGroup>
    <ClCompile Include="EDIT.cpp">
      <Filter>Source Files</Filter>
    </ClCompile>
    <ClCompile Include="DicomReader.cpp">
      <Filter>Source Files\core_cpp</Filter>
    </ClCompile>
    <ClCompile Include="stdafx.cpp">
      <Filter>Source Files\core_cpp</Filter>
    </ClCompile>
    <ClCompile Include="maincpp.cpp">
      <Filter>Source Files</Filter>
    </ClCompile>
    <ClCompile Include="ultrasound.cpp">
      <Filter>Source Files</Filter>
    </ClCompile>
    <ClCompile Include="process_3D.cpp">
      <Filter>Source Files</Filter>
    </ClCompile>
    <ClCompile Include="photoAcoustic.cpp">
      <Filter>Source Files</Filter>
    </ClCompile>
    <ClCompile Include="BSpline.cpp">
      <Filter>Source Files\core_cpp</Filter>
    </ClCompile>
    <ClCompile Include="Curve.cpp">
      <Filter>Source Files\core_cpp</Filter>
    </ClCompile>
    <ClCompile Include="Vector.cpp">
      <Filter>Source Files\core_cpp</Filter>
    </ClCompile>
    <ClCompile Include="ALGLIB_src\alglibinternal.cpp">
      <Filter>Source Files\ALGLIB</Filter>
    </ClCompile>
    <ClCompile Include="ALGLIB_src\alglibmisc.cpp">
      <Filter>Source Files\ALGLIB</Filter>
    </ClCompile>
    <ClCompile Include="ALGLIB_src\ap.cpp">
      <Filter>Source Files\ALGLIB</Filter>
    </ClCompile>
    <ClCompile Include="ALGLIB_src\dataanalysis.cpp">
      <Filter>Source Files\ALGLIB</Filter>
    </ClCompile>
    <ClCompile Include="ALGLIB_src\diffequations.cpp">
      <Filter>Source Files\ALGLIB</Filter>
    </ClCompile>
    <ClCompile Include="ALGLIB_src\fasttransforms.cpp">
      <Filter>Source Files\ALGLIB</Filter>
    </ClCompile>
    <ClCompile Include="ALGLIB_src\integration.cpp">
      <Filter>Source Files\ALGLIB</Filter>
    </ClCompile>
    <ClCompile Include="ALGLIB_src\interpolation.cpp">
      <Filter>Source Files\ALGLIB</Filter>
    </ClCompile>
    <ClCompile Include="ALGLIB_src\linalg.cpp">
      <Filter>Source Files\ALGLIB</Filter>
    </ClCompile>
    <ClCompile Include="ALGLIB_src\optimization.cpp">
      <Filter>Source Files\ALGLIB</Filter>
    </ClCompile>
    <ClCompile Include="ALGLIB_src\solvers.cpp">
      <Filter>Source Files\ALGLIB</Filter>
    </ClCompile>
    <ClCompile Include="ALGLIB_src\specialfunctions.cpp">
      <Filter>Source Files\ALGLIB</Filter>
    </ClCompile>
    <ClCompile Include="ALGLIB_src\statistics.cpp">
      <Filter>Source Files\ALGLIB</Filter>
    </ClCompile>
    <ClCompile Include="tumor.cpp">
      <Filter>Source Files</Filter>
    </ClCompile>
  </ItemGroup>
  <ItemGroup>
    <ClInclude Include="CImg.h">
      <Filter>Header Files\core</Filter>
    </ClInclude>
    <ClInclude Include="dctk.h">
      <Filter>Header Files\core</Filter>
    </ClInclude>
    <ClInclude Include="DicomReader.h">
      <Filter>Header Files\core</Filter>
    </ClInclude>
    <ClInclude Include="morphsnakes.h">
      <Filter>Header Files\core</Filter>
    </ClInclude>
    <ClInclude Include="narrowband.h">
      <Filter>Header Files\core</Filter>
    </ClInclude>
    <ClInclude Include="ndimage.h">
      <Filter>Header Files\core</Filter>
    </ClInclude>
    <ClInclude Include="spline.h">
      <Filter>Header Files\core</Filter>
    </ClInclude>
    <ClInclude Include="stdafx.h">
      <Filter>Header Files\core</Filter>
    </ClInclude>
    <ClInclude Include="targetver.h">
      <Filter>Header Files\core</Filter>
    </ClInclude>
    <ClInclude Include="ultrasound.h">
      <Filter>Header Files</Filter>
    </ClInclude>
    <ClInclude Include="process_3D.h">
      <Filter>Header Files</Filter>
    </ClInclude>
    <ClInclude Include="photoAcoustic.h">
      <Filter>Header Files</Filter>
    </ClInclude>
    <ClInclude Include="messages.h">
      <Filter>Header Files</Filter>
    </ClInclude>
    <ClInclude Include="BSpline.h">
      <Filter>Header Files\core</Filter>
    </ClInclude>
    <ClInclude Include="Curve.h">
      <Filter>Header Files\core</Filter>
    </ClInclude>
    <ClInclude Include="Vector.h">
      <Filter>Header Files\core</Filter>
    </ClInclude>
    <ClInclude Include="ALGLIB_src\alglibinternal.h">
      <Filter>Header Files\ALGLIB</Filter>
    </ClInclude>
    <ClInclude Include="ALGLIB_src\alglibmisc.h">
      <Filter>Header Files\ALGLIB</Filter>
    </ClInclude>
    <ClInclude Include="ALGLIB_src\ap.h">
      <Filter>Header Files\ALGLIB</Filter>
    </ClInclude>
    <ClInclude Include="ALGLIB_src\dataanalysis.h">
      <Filter>Header Files\ALGLIB</Filter>
    </ClInclude>
    <ClInclude Include="ALGLIB_src\diffequations.h">
      <Filter>Header Files\ALGLIB</Filter>
    </ClInclude>
    <ClInclude Include="ALGLIB_src\fasttransforms.h">
      <Filter>Header Files\ALGLIB</Filter>
    </ClInclude>
    <ClInclude Include="ALGLIB_src\integration.h">
      <Filter>Header Files\ALGLIB</Filter>
    </ClInclude>
    <ClInclude Include="ALGLIB_src\interpolation.h">
      <Filter>Header Files\ALGLIB</Filter>
    </ClInclude>
    <ClInclude Include="ALGLIB_src\linalg.h">
      <Filter>Header Files\ALGLIB</Filter>
    </ClInclude>
    <ClInclude Include="ALGLIB_src\optimization.h">
      <Filter>Header Files\ALGLIB</Filter>
    </ClInclude>
    <ClInclude Include="ALGLIB_src\solvers.h">
      <Filter>Header Files\ALGLIB</Filter>
    </ClInclude>
    <ClInclude Include="ALGLIB_src\specialfunctions.h">
      <Filter>Header Files\ALGLIB</Filter>
    </ClInclude>
    <ClInclude Include="ALGLIB_src\statistics.h">
      <Filter>Header Files\ALGLIB</Filter>
    </ClInclude>
    <ClInclude Include="ALGLIB_src\stdafx.h">
      <Filter>Header Files\ALGLIB</Filter>
    </ClInclude>
    <ClInclude Include="tumor.h">
      <Filter>Header Files</Filter>
    </ClInclude>
  </ItemGroup>
</Project>